
Microsoft Visual Studio Solution File, Format Version 12.00
# Visual Studio 15
VisualStudioVersion = 15.0.28307.168
MinimumVisualStudioVersion = 10.0.40219.1
Project("{F2A71F9B-5D33-465A-A702-920D77279786}") = "ConnectToHistorian", "ConnectToHistorian\ConnectToHistorian.fsproj", "{F90A7899-D60F-4F5A-A62F-16E83F1A83D4}"
EndProject
Global
	GlobalSection(SolutionConfigurationPlatforms) = preSolution
		Debug|Any CPU = Debug|Any CPU
		Release|Any CPU = Release|Any CPU
	EndGlobalSection
	GlobalSection(ProjectConfigurationPlatforms) = postSolution
		{F90A7899-D60F-4F5A-A62F-16E83F1A83D4}.Debug|Any CPU.ActiveCfg = Debug|Any CPU
		{F90A7899-D60F-4F5A-A62F-16E83F1A83D4}.Debug|Any CPU.Build.0 = Debug|Any CPU
		{F90A7899-D60F-4F5A-A62F-16E83F1A83D4}.Release|Any CPU.ActiveCfg = Release|Any CPU
		{F90A7899-D60F-4F5A-A62F-16E83F1A83D4}.Release|Any CPU.Build.0 = Release|Any CPU
	EndGlobalSection
	GlobalSection(SolutionProperties) = preSolution
		HideSolutionNode = FALSE
	EndGlobalSection
	GlobalSection(ExtensibilityGlobals) = postSolution
		SolutionGuid = {CCA2FDFA-9F2B-4CE4-B00B-59229764D254}
	EndGlobalSection
EndGlobal
